
Microsoft Visual Studio Solution File, Format Version 12.00
# Visual Studio Version 17
VisualStudioVersion = 17.14.36310.24 d17.14
MinimumVisualStudioVersion = 10.0.40219.1
Project("{FAE04EC0-301F-11D3-BF4B-00C04F79EFBC}") = "DndTracker", "DndTracker.csproj", "{B8E61D5C-CF47-4489-962C-44007058414C}"
EndProject
Project("{2150E333-8FDC-42A3-9474-1A3956D46DE8}") = "Solution Items", "Solution Items", "{8EC462FD-D22E-90A8-E5CE-7E832BA40C5D}"
	ProjectSection(SolutionItems) = preProject
		CharacterBase.cs = CharacterBase.cs
		Enemy.cs = Enemy.cs
		ICharacter.cs = ICharacter.cs
		Player.cs = Player.cs
	EndProjectSection
EndProject
Global
	GlobalSection(SolutionConfigurationPlatforms) = preSolution
		Debug|Any CPU = Debug|Any CPU
		Release|Any CPU = Release|Any CPU
	EndGlobalSection
	GlobalSection(ProjectConfigurationPlatforms) = postSolution
		{B8E61D5C-CF47-4489-962C-44007058414C}.Debug|Any CPU.ActiveCfg = Debug|Any CPU
		{B8E61D5C-CF47-4489-962C-44007058414C}.Debug|Any CPU.Build.0 = Debug|Any CPU
		{B8E61D5C-CF47-4489-962C-44007058414C}.Release|Any CPU.ActiveCfg = Release|Any CPU
		{B8E61D5C-CF47-4489-962C-44007058414C}.Release|Any CPU.Build.0 = Release|Any CPU
	EndGlobalSection
	GlobalSection(SolutionProperties) = preSolution
		HideSolutionNode = FALSE
	EndGlobalSection
	GlobalSection(ExtensibilityGlobals) = postSolution
		SolutionGuid = {265E3443-B8A5-435B-826F-E013BCA5BD72}
	EndGlobalSection
EndGlobal
